Microsoft Visual Studio Solution File, Format Version 12.00
# Visual Studio Version 17
VisualStudioVersion = 17.5.2.0
MinimumVisualStudioVersion = 10.0.40219.1
Project("{FAE04EC0-301F-11D3-BF4B-00C04F79EFBC}") = "4.IntegrateWithSemanticKernel", "4.IntegrateWithSemanticKernel.csproj", "{8B3B27B1-728E-FD74-A4DC-3FDAA713FECA}"
EndProject
Global
	GlobalSection(SolutionConfigurationPlatforms) = preSolution
		Debug|Any CPU = Debug|Any CPU
		Release|Any CPU = Release|Any CPU
	EndGlobalSection
	GlobalSection(ProjectConfigurationPlatforms) = postSolution
		{8B3B27B1-728E-FD74-A4DC-3FDAA713FECA}.Debug|Any CPU.ActiveCfg = Debug|Any CPU
		{8B3B27B1-728E-FD74-A4DC-3FDAA713FECA}.Debug|Any CPU.Build.0 = Debug|Any CPU
		{8B3B27B1-728E-FD74-A4DC-3FDAA713FECA}.Release|Any CPU.ActiveCfg = Release|Any CPU
		{8B3B27B1-728E-FD74-A4DC-3FDAA713FECA}.Release|Any CPU.Build.0 = Release|Any CPU
	EndGlobalSection
	GlobalSection(SolutionProperties) = preSolution
		HideSolutionNode = FALSE
	EndGlobalSection
	GlobalSection(ExtensibilityGlobals) = postSolution
		SolutionGuid = {AB49137B-BA1E-422E-968C-8166A47196BC}
	EndGlobalSection
EndGlobal
