Microsoft Visual Studio Solution File, Format Version 12.00
# Visual Studio Version 17
VisualStudioVersion = 17.5.2.0
MinimumVisualStudioVersion = 10.0.40219.1
Project("{FAE04EC0-301F-11D3-BF4B-00C04F79EFBC}") = "2.PileLineInMLNet", "2.PileLineInMLNet.csproj", "{7986CDE2-396E-715A-45BF-E1786E952FAA}"
EndProject
Global
	GlobalSection(SolutionConfigurationPlatforms) = preSolution
		Debug|Any CPU = Debug|Any CPU
		Release|Any CPU = Release|Any CPU
	EndGlobalSection
	GlobalSection(ProjectConfigurationPlatforms) = postSolution
		{7986CDE2-396E-715A-45BF-E1786E952FAA}.Debug|Any CPU.ActiveCfg = Debug|Any CPU
		{7986CDE2-396E-715A-45BF-E1786E952FAA}.Debug|Any CPU.Build.0 = Debug|Any CPU
		{7986CDE2-396E-715A-45BF-E1786E952FAA}.Release|Any CPU.ActiveCfg = Release|Any CPU
		{7986CDE2-396E-715A-45BF-E1786E952FAA}.Release|Any CPU.Build.0 = Release|Any CPU
	EndGlobalSection
	GlobalSection(SolutionProperties) = preSolution
		HideSolutionNode = FALSE
	EndGlobalSection
	GlobalSection(ExtensibilityGlobals) = postSolution
		SolutionGuid = {BFAB0123-0313-4617-9E09-362CAF6D9C75}
	EndGlobalSection
EndGlobal
